
Microsoft Visual Studio Solution File, Format Version 12.00
# Visual Studio Version 16
VisualStudioVersion = 16.0.31410.357
MinimumVisualStudioVersion = 10.0.40219.1
Project("{9A19103F-16F7-4668-BE54-9A1E7A4F7556}") = "Pokedex.Api", "Pokedex.API\Pokedex.Api.csproj", "{2BB5AA3B-FAA3-4A5C-AF70-C3AA3588C15E}"
EndProject
Project("{9A19103F-16F7-4668-BE54-9A1E7A4F7556}") = "Pokedex.Services", "Pokedex.Services\Pokedex.Services.csproj", "{C4E635CD-2547-4B0E-9BF1-CD8311674E1D}"
EndProject
Project("{9A19103F-16F7-4668-BE54-9A1E7A4F7556}") = "Pokedex.Services.Contract", "Pokedex.Services.Contract\Pokedex.Services.Contract.csproj", "{65B31E4B-8DAB-4FD9-9D80-3CD592C06A9C}"
EndProject
Project("{2150E333-8FDC-42A3-9474-1A3956D46DE8}") = "PokedexApi", "PokedexApi", "{88014C32-99AB-465C-A8B1-93A642A0ACDF}"
EndProject
Project("{2150E333-8FDC-42A3-9474-1A3956D46DE8}") = "PokedexService", "PokedexService", "{0D082EF6-99B6-4F2B-9926-AB961EA718A8}"
EndProject
Project("{9A19103F-16F7-4668-BE54-9A1E7A4F7556}") = "Pokedex.Services.UnitTesting", "Pokedex.Services.UnitTesting\Pokedex.Services.UnitTesting.csproj", "{578167FB-3ADC-4977-AB8C-41D075CB6BF5}"
EndProject
Project("{9A19103F-16F7-4668-BE54-9A1E7A4F7556}") = "Pokedex.Api.UnitTesting", "Pokedex.Api.UnitTesting\Pokedex.Api.UnitTesting.csproj", "{B9D729B0-131E-48B1-A7FD-E808A1A26216}"
EndProject
Project("{2150E333-8FDC-42A3-9474-1A3956D46DE8}") = "Solution Items", "Solution Items", "{D9DCEF2B-17BF-43FA-BA71-B8CA346AE45B}"
	ProjectSection(SolutionItems) = preProject
		Dockerfile = Dockerfile
	EndProjectSection
EndProject
Global
	GlobalSection(SolutionConfigurationPlatforms) = preSolution
		Debug|Any CPU = Debug|Any CPU
		Release|Any CPU = Release|Any CPU
	EndGlobalSection
	GlobalSection(ProjectConfigurationPlatforms) = postSolution
		{2BB5AA3B-FAA3-4A5C-AF70-C3AA3588C15E}.Debug|Any CPU.ActiveCfg = Debug|Any CPU
		{2BB5AA3B-FAA3-4A5C-AF70-C3AA3588C15E}.Debug|Any CPU.Build.0 = Debug|Any CPU
		{2BB5AA3B-FAA3-4A5C-AF70-C3AA3588C15E}.Release|Any CPU.ActiveCfg = Release|Any CPU
		{2BB5AA3B-FAA3-4A5C-AF70-C3AA3588C15E}.Release|Any CPU.Build.0 = Release|Any CPU
		{C4E635CD-2547-4B0E-9BF1-CD8311674E1D}.Debug|Any CPU.ActiveCfg = Debug|Any CPU
		{C4E635CD-2547-4B0E-9BF1-CD8311674E1D}.Debug|Any CPU.Build.0 = Debug|Any CPU
		{C4E635CD-2547-4B0E-9BF1-CD8311674E1D}.Release|Any CPU.ActiveCfg = Release|Any CPU
		{C4E635CD-2547-4B0E-9BF1-CD8311674E1D}.Release|Any CPU.Build.0 = Release|Any CPU
		{65B31E4B-8DAB-4FD9-9D80-3CD592C06A9C}.Debug|Any CPU.ActiveCfg = Debug|Any CPU
		{65B31E4B-8DAB-4FD9-9D80-3CD592C06A9C}.Debug|Any CPU.Build.0 = Debug|Any CPU
		{65B31E4B-8DAB-4FD9-9D80-3CD592C06A9C}.Release|Any CPU.ActiveCfg = Release|Any CPU
		{65B31E4B-8DAB-4FD9-9D80-3CD592C06A9C}.Release|Any CPU.Build.0 = Release|Any CPU
		{578167FB-3ADC-4977-AB8C-41D075CB6BF5}.Debug|Any CPU.ActiveCfg = Debug|Any CPU
		{578167FB-3ADC-4977-AB8C-41D075CB6BF5}.Debug|Any CPU.Build.0 = Debug|Any CPU
		{578167FB-3ADC-4977-AB8C-41D075CB6BF5}.Release|Any CPU.ActiveCfg = Release|Any CPU
		{578167FB-3ADC-4977-AB8C-41D075CB6BF5}.Release|Any CPU.Build.0 = Release|Any CPU
		{B9D729B0-131E-48B1-A7FD-E808A1A26216}.Debug|Any CPU.ActiveCfg = Debug|Any CPU
		{B9D729B0-131E-48B1-A7FD-E808A1A26216}.Debug|Any CPU.Build.0 = Debug|Any CPU
		{B9D729B0-131E-48B1-A7FD-E808A1A26216}.Release|Any CPU.ActiveCfg = Release|Any CPU
		{B9D729B0-131E-48B1-A7FD-E808A1A26216}.Release|Any CPU.Build.0 = Release|Any CPU
	EndGlobalSection
	GlobalSection(SolutionProperties) = preSolution
		HideSolutionNode = FALSE
	EndGlobalSection
	GlobalSection(NestedProjects) = preSolution
		{2BB5AA3B-FAA3-4A5C-AF70-C3AA3588C15E} = {88014C32-99AB-465C-A8B1-93A642A0ACDF}
		{C4E635CD-2547-4B0E-9BF1-CD8311674E1D} = {0D082EF6-99B6-4F2B-9926-AB961EA718A8}
		{65B31E4B-8DAB-4FD9-9D80-3CD592C06A9C} = {0D082EF6-99B6-4F2B-9926-AB961EA718A8}
		{578167FB-3ADC-4977-AB8C-41D075CB6BF5} = {0D082EF6-99B6-4F2B-9926-AB961EA718A8}
		{B9D729B0-131E-48B1-A7FD-E808A1A26216} = {88014C32-99AB-465C-A8B1-93A642A0ACDF}
	EndGlobalSection
	GlobalSection(ExtensibilityGlobals) = postSolution
		SolutionGuid = {41DEA851-D11C-4F42-9359-C69537956423}
	EndGlobalSection
EndGlobal
